
Microsoft Visual Studio Solution File, Format Version 12.00
# Visual Studio 15
VisualStudioVersion = 15.0.28010.2019
MinimumVisualStudioVersion = 10.0.40219.1
Project("{FAE04EC0-301F-11D3-BF4B-00C04F79EFBC}") = "WebAPIDemo", "WebAPIDemo\WebAPIDemo.csproj", "{50848B71-FE40-4200-8CE9-47B71E4C0DFF}"
EndProject
Project("{E24C65DC-7377-472B-9ABA-BC803B73C61A}") = "my-app", "my-app\", "{AC488674-1A63-4949-8000-BCB7F000E02D}"
	ProjectSection(WebsiteProperties) = preProject
		TargetFrameworkMoniker = ".NETFramework,Version%3Dv4.0"
		Debug.AspNetCompiler.VirtualPath = "/localhost_53526"
		Debug.AspNetCompiler.PhysicalPath = "my-app\"
		Debug.AspNetCompiler.TargetPath = "PrecompiledWeb\localhost_53526\"
		Debug.AspNetCompiler.Updateable = "true"
		Debug.AspNetCompiler.ForceOverwrite = "true"
		Debug.AspNetCompiler.FixedNames = "false"
		Debug.AspNetCompiler.Debug = "True"
		Release.AspNetCompiler.VirtualPath = "/localhost_53526"
		Release.AspNetCompiler.PhysicalPath = "my-app\"
		Release.AspNetCompiler.TargetPath = "PrecompiledWeb\localhost_53526\"
		Release.AspNetCompiler.Updateable = "true"
		Release.AspNetCompiler.ForceOverwrite = "true"
		Release.AspNetCompiler.FixedNames = "false"
		Release.AspNetCompiler.Debug = "False"
		VWDPort = "53526"
		SlnRelativePath = "my-app\"
	EndProjectSection
EndProject
Global
	GlobalSection(SolutionConfigurationPlatforms) = preSolution
		Debug|Any CPU = Debug|Any CPU
		Release|Any CPU = Release|Any CPU
	EndGlobalSection
	GlobalSection(ProjectConfigurationPlatforms) = postSolution
		{50848B71-FE40-4200-8CE9-47B71E4C0DFF}.Debug|Any CPU.ActiveCfg = Debug|Any CPU
		{50848B71-FE40-4200-8CE9-47B71E4C0DFF}.Debug|Any CPU.Build.0 = Debug|Any CPU
		{50848B71-FE40-4200-8CE9-47B71E4C0DFF}.Release|Any CPU.ActiveCfg = Release|Any CPU
		{50848B71-FE40-4200-8CE9-47B71E4C0DFF}.Release|Any CPU.Build.0 = Release|Any CPU
		{AC488674-1A63-4949-8000-BCB7F000E02D}.Debug|Any CPU.ActiveCfg = Debug|Any CPU
		{AC488674-1A63-4949-8000-BCB7F000E02D}.Debug|Any CPU.Build.0 = Debug|Any CPU
		{AC488674-1A63-4949-8000-BCB7F000E02D}.Release|Any CPU.ActiveCfg = Debug|Any CPU
		{AC488674-1A63-4949-8000-BCB7F000E02D}.Release|Any CPU.Build.0 = Debug|Any CPU
	EndGlobalSection
	GlobalSection(SolutionProperties) = preSolution
		HideSolutionNode = FALSE
	EndGlobalSection
	GlobalSection(ExtensibilityGlobals) = postSolution
		SolutionGuid = {24657937-EECF-4E01-BAC6-D832DA9772A1}
	EndGlobalSection
EndGlobal
