
Microsoft Visual Studio Solution File, Format Version 12.00
# Visual Studio 15
VisualStudioVersion = 15.0.28010.2019
MinimumVisualStudioVersion = 10.0.40219.1
Project("{FAE04EC0-301F-11D3-BF4B-00C04F79EFBC}") = "WebAPI-DB", "WebAPI-DB\WebAPI-DB.csproj", "{831BCF2E-C0C9-4F06-9FDB-1E54543B7D45}"
EndProject
Project("{FAE04EC0-301F-11D3-BF4B-00C04F79EFBC}") = "WebAPIWithToken", "WebAPIWithToken\WebAPIWithToken.csproj", "{62A6B061-0826-4C7A-BD9F-11DBC953F450}"
EndProject
Project("{FAE04EC0-301F-11D3-BF4B-00C04F79EFBC}") = "AngularUI", "AngularUI\AngularUI.csproj", "{03FFED3D-BAB9-475B-BC32-36CCFD1862DB}"
EndProject
Global
	GlobalSection(SolutionConfigurationPlatforms) = preSolution
		Debug|Any CPU = Debug|Any CPU
		Release|Any CPU = Release|Any CPU
	EndGlobalSection
	GlobalSection(ProjectConfigurationPlatforms) = postSolution
		{831BCF2E-C0C9-4F06-9FDB-1E54543B7D45}.Debug|Any CPU.ActiveCfg = Debug|Any CPU
		{831BCF2E-C0C9-4F06-9FDB-1E54543B7D45}.Debug|Any CPU.Build.0 = Debug|Any CPU
		{831BCF2E-C0C9-4F06-9FDB-1E54543B7D45}.Release|Any CPU.ActiveCfg = Release|Any CPU
		{831BCF2E-C0C9-4F06-9FDB-1E54543B7D45}.Release|Any CPU.Build.0 = Release|Any CPU
		{62A6B061-0826-4C7A-BD9F-11DBC953F450}.Debug|Any CPU.ActiveCfg = Debug|Any CPU
		{62A6B061-0826-4C7A-BD9F-11DBC953F450}.Debug|Any CPU.Build.0 = Debug|Any CPU
		{62A6B061-0826-4C7A-BD9F-11DBC953F450}.Release|Any CPU.ActiveCfg = Release|Any CPU
		{62A6B061-0826-4C7A-BD9F-11DBC953F450}.Release|Any CPU.Build.0 = Release|Any CPU
		{03FFED3D-BAB9-475B-BC32-36CCFD1862DB}.Debug|Any CPU.ActiveCfg = Debug|Any CPU
		{03FFED3D-BAB9-475B-BC32-36CCFD1862DB}.Debug|Any CPU.Build.0 = Debug|Any CPU
		{03FFED3D-BAB9-475B-BC32-36CCFD1862DB}.Release|Any CPU.ActiveCfg = Release|Any CPU
		{03FFED3D-BAB9-475B-BC32-36CCFD1862DB}.Release|Any CPU.Build.0 = Release|Any CPU
	EndGlobalSection
	GlobalSection(SolutionProperties) = preSolution
		HideSolutionNode = FALSE
	EndGlobalSection
	GlobalSection(ExtensibilityGlobals) = postSolution
		SolutionGuid = {24657937-EECF-4E01-BAC6-D832DA9772A1}
	EndGlobalSection
EndGlobal
